
Microsoft Visual Studio Solution File, Format Version 12.00
# Visual Studio Version 16
VisualStudioVersion = 16.0.30413.136
MinimumVisualStudioVersion = 10.0.40219.1
Project("{FAE04EC0-301F-11D3-BF4B-00C04F79EFBC}") = "eShopsolution.webapp", "eShopsolution.webapp\eShopsolution.webapp.csproj", "{2FF16D73-492B-46E7-9B74-C9209002C509}"
EndProject
Project("{2150E333-8FDC-42A3-9474-1A3956D46DE8}") = "Solution Items", "Solution Items", "{F7C26592-96B8-4976-B3DD-8C4016A9E808}"
	ProjectSection(SolutionItems) = preProject
		README.md = README.md
	EndProjectSection
EndProject
Project("{FAE04EC0-301F-11D3-BF4B-00C04F79EFBC}") = "eShopsolution.Data", "eShopsolution.Data\eShopsolution.Data.csproj", "{55D959E3-891D-4BB1-B420-6B3A5B253318}"
EndProject
Project("{FAE04EC0-301F-11D3-BF4B-00C04F79EFBC}") = "eShosolution.Application", "eShosolution.Application\eShosolution.Application.csproj", "{736AFCC1-1737-4495-9988-AB92B96B58EB}"
EndProject
Global
	GlobalSection(SolutionConfigurationPlatforms) = preSolution
		Debug|Any CPU = Debug|Any CPU
		Release|Any CPU = Release|Any CPU
	EndGlobalSection
	GlobalSection(ProjectConfigurationPlatforms) = postSolution
		{2FF16D73-492B-46E7-9B74-C9209002C509}.Debug|Any CPU.ActiveCfg = Debug|Any CPU
		{2FF16D73-492B-46E7-9B74-C9209002C509}.Debug|Any CPU.Build.0 = Debug|Any CPU
		{2FF16D73-492B-46E7-9B74-C9209002C509}.Release|Any CPU.ActiveCfg = Release|Any CPU
		{2FF16D73-492B-46E7-9B74-C9209002C509}.Release|Any CPU.Build.0 = Release|Any CPU
		{55D959E3-891D-4BB1-B420-6B3A5B253318}.Debug|Any CPU.ActiveCfg = Debug|Any CPU
		{55D959E3-891D-4BB1-B420-6B3A5B253318}.Debug|Any CPU.Build.0 = Debug|Any CPU
		{55D959E3-891D-4BB1-B420-6B3A5B253318}.Release|Any CPU.ActiveCfg = Release|Any CPU
		{55D959E3-891D-4BB1-B420-6B3A5B253318}.Release|Any CPU.Build.0 = Release|Any CPU
		{736AFCC1-1737-4495-9988-AB92B96B58EB}.Debug|Any CPU.ActiveCfg = Debug|Any CPU
		{736AFCC1-1737-4495-9988-AB92B96B58EB}.Debug|Any CPU.Build.0 = Debug|Any CPU
		{736AFCC1-1737-4495-9988-AB92B96B58EB}.Release|Any CPU.ActiveCfg = Release|Any CPU
		{736AFCC1-1737-4495-9988-AB92B96B58EB}.Release|Any CPU.Build.0 = Release|Any CPU
	EndGlobalSection
	GlobalSection(SolutionProperties) = preSolution
		HideSolutionNode = FALSE
	EndGlobalSection
	GlobalSection(ExtensibilityGlobals) = postSolution
		SolutionGuid = {6E9EF432-0BF3-4385-9C34-AB2B0608BC58}
	EndGlobalSection
EndGlobal
